// !$*UTF8*$!
{
	archiveVersion = 1;
	classes = {
	};
	objectVersion = 56;
	objects = {

/* Begin PBXBuildFile section */
		023EE7772A0ADF36004E09DD /* VastlyApp.swift in Sources */ = {isa = PBXBuildFile; fileRef = 023EE7762A0ADF36004E09DD /* VastlyApp.swift */; };
		023EE7792A0ADF36004E09DD /* ContentView.swift in Sources */ = {isa = PBXBuildFile; fileRef = 023EE7782A0ADF36004E09DD /* ContentView.swift */; };
		023EE77B2A0ADF37004E09DD /* Assets.xcassets in Resources */ = {isa = PBXBuildFile; fileRef = 023EE77A2A0ADF37004E09DD /* Assets.xcassets */; };
		023EE77E2A0ADF37004E09DD /* Preview Assets.xcassets in Resources */ = {isa = PBXBuildFile; fileRef = 023EE77D2A0ADF37004E09DD /* Preview Assets.xcassets */; };
		023EE7802A0ADF37004E09DD /* Persistence.swift in Sources */ = {isa = PBXBuildFile; fileRef = 023EE77F2A0ADF37004E09DD /* Persistence.swift */; };
		023EE7832A0ADF37004E09DD /* Vastly.xcdatamodeld in Sources */ = {isa = PBXBuildFile; fileRef = 023EE7812A0ADF37004E09DD /* Vastly.xcdatamodeld */; };
		023EE78D2A0ADF37004E09DD /* VastlyTests.swift in Sources */ = {isa = PBXBuildFile; fileRef = 023EE78C2A0ADF37004E09DD /* VastlyTests.swift */; };
		023EE7972A0ADF37004E09DD /* VastlyUITests.swift in Sources */ = {isa = PBXBuildFile; fileRef = 023EE7962A0ADF37004E09DD /* VastlyUITests.swift */; };
		023EE7992A0ADF37004E09DD /* VastlyUITestsLaunchTests.swift in Sources */ = {isa = PBXBuildFile; fileRef = 023EE7982A0ADF37004E09DD /* VastlyUITestsLaunchTests.swift */; };
/* End PBXBuildFile section */

/* Begin PBXContainerItemProxy section */
		023EE7892A0ADF37004E09DD /* PBXContainerItemProxy */ = {
			isa = PBXContainerItemProxy;
			containerPortal = 023EE76B2A0ADF36004E09DD /* Project object */;
			proxyType = 1;
			remoteGlobalIDString = 023EE7722A0ADF36004E09DD;
			remoteInfo = Vastly;
		};
		023EE7932A0ADF37004E09DD /* PBXContainerItemProxy */ = {
			isa = PBXContainerItemProxy;
			containerPortal = 023EE76B2A0ADF36004E09DD /* Project object */;
			proxyType = 1;
			remoteGlobalIDString = 023EE7722A0ADF36004E09DD;
			remoteInfo = Vastly;
		};
/* End PBXContainerItemProxy section */

/* Begin PBXFileReference section */
		023EE7732A0ADF36004E09DD /* Vastly.app */ = {isa = PBXFileReference; explicitFileType = wrapper.application; includeInIndex = 0; path = Vastly.app; sourceTree = BUILT_PRODUCTS_DIR; };
		023EE7762A0ADF36004E09DD /* VastlyApp.swift */ = {isa = PBXFileReference; lastKnownFileType = sourcecode.swift; path = VastlyApp.swift; sourceTree = "<group>"; };
		023EE7782A0ADF36004E09DD /* ContentView.swift */ = {isa = PBXFileReference; lastKnownFileType = sourcecode.swift; path = ContentView.swift; sourceTree = "<group>"; };
		023EE77A2A0ADF37004E09DD /* Assets.xcassets */ = {isa = PBXFileReference; lastKnownFileType = folder.assetcatalog; path = Assets.xcassets; sourceTree = "<group>"; };
		023EE77D2A0ADF37004E09DD /* Preview Assets.xcassets */ = {isa = PBXFileReference; lastKnownFileType = folder.assetcatalog; path = "Preview Assets.xcassets"; sourceTree = "<group>"; };
		023EE77F2A0ADF37004E09DD /* Persistence.swift */ = {isa = PBXFileReference; lastKnownFileType = sourcecode.swift; path = Persistence.swift; sourceTree = "<group>"; };
		023EE7822A0ADF37004E09DD /* Vastly.xcdatamodel */ = {isa = PBXFileReference; lastKnownFileType = wrapper.xcdatamodel; path = Vastly.xcdatamodel; sourceTree = "<group>"; };
		023EE7882A0ADF37004E09DD /* VastlyTests.xctest */ = {isa = PBXFileReference; explicitFileType = wrapper.cfbundle; includeInIndex = 0; path = VastlyTests.xctest; sourceTree = BUILT_PRODUCTS_DIR; };
		023EE78C2A0ADF37004E09DD /* VastlyTests.swift */ = {isa = PBXFileReference; lastKnownFileType = sourcecode.swift; path = VastlyTests.swift; sourceTree = "<group>"; };
		023EE7922A0ADF37004E09DD /* VastlyUITests.xctest */ = {isa = PBXFileReference; explicitFileType = wrapper.cfbundle; includeInIndex = 0; path = VastlyUITests.xctest; sourceTree = BUILT_PRODUCTS_DIR; };
		023EE7962A0ADF37004E09DD /* VastlyUITests.swift */ = {isa = PBXFileReference; lastKnownFileType = sourcecode.swift; path = VastlyUITests.swift; sourceTree = "<group>"; };
		023EE7982A0ADF37004E09DD /* VastlyUITestsLaunchTests.swift */ = {isa = PBXFileReference; lastKnownFileType = sourcecode.swift; path = VastlyUITestsLaunchTests.swift; sourceTree = "<group>"; };
/* End PBXFileReference section */

/* Begin PBXFrameworksBuildPhase section */
		023EE7702A0ADF36004E09DD /* Frameworks */ = {
			isa = PBXFrameworksBuildPhase;
			buildActionMask = 2147483647;
			files = (
			);
			runOnlyForDeploymentPostprocessing = 0;
		};
		023EE7852A0ADF37004E09DD /* Frameworks */ = {
			isa = PBXFrameworksBuildPhase;
			buildActionMask = 2147483647;
			files = (
			);
			runOnlyForDeploymentPostprocessing = 0;
		};
		023EE78F2A0ADF37004E09DD /* Frameworks */ = {
			isa = PBXFrameworksBuildPhase;
			buildActionMask = 2147483647;
			files = (
			);
			runOnlyForDeploymentPostprocessing = 0;
		};
/* End PBXFrameworksBuildPhase section */

/* Begin PBXGroup section */
		023EE76A2A0ADF36004E09DD = {
			isa = PBXGroup;
			children = (
				023EE7752A0ADF36004E09DD /* Vastly */,
				023EE78B2A0ADF37004E09DD /* VastlyTests */,
				023EE7952A0ADF37004E09DD /* VastlyUITests */,
				023EE7742A0ADF36004E09DD /* Products */,
			);
			sourceTree = "<group>";
		};
		023EE7742A0ADF36004E09DD /* Products */ = {
			isa = PBXGroup;
			children = (
				023EE7732A0ADF36004E09DD /* Vastly.app */,
				023EE7882A0ADF37004E09DD /* VastlyTests.xctest */,
				023EE7922A0ADF37004E09DD /* VastlyUITests.xctest */,
			);
			name = Products;
			sourceTree = "<group>";
		};
		023EE7752A0ADF36004E09DD /* Vastly */ = {
			isa = PBXGroup;
			children = (
				023EE7762A0ADF36004E09DD /* VastlyApp.swift */,
				023EE7782A0ADF36004E09DD /* ContentView.swift */,
				023EE77A2A0ADF37004E09DD /* Assets.xcassets */,
				023EE77F2A0ADF37004E09DD /* Persistence.swift */,
				023EE7812A0ADF37004E09DD /* Vastly.xcdatamodeld */,
				023EE77C2A0ADF37004E09DD /* Preview Content */,
			);
			path = Vastly;
			sourceTree = "<group>";
		};
		023EE77C2A0ADF37004E09DD /* Preview Content */ = {
			isa = PBXGroup;
			children = (
				023EE77D2A0ADF37004E09DD /* Preview Assets.xcassets */,
			);
			path = "Preview Content";
			sourceTree = "<group>";
		};
		023EE78B2A0ADF37004E09DD /* VastlyTests */ = {
			isa = PBXGroup;
			children = (
				023EE78C2A0ADF37004E09DD /* VastlyTests.swift */,
			);
			path = VastlyTests;
			sourceTree = "<group>";
		};
		023EE7952A0ADF37004E09DD /* VastlyUITests */ = {
			isa = PBXGroup;
			children = (
				023EE7962A0ADF37004E09DD /* VastlyUITests.swift */,
				023EE7982A0ADF37004E09DD /* VastlyUITestsLaunchTests.swift */,
			);
			path = VastlyUITests;
			sourceTree = "<group>";
		};
/* End PBXGroup section */

/* Begin PBXNativeTarget section */
		023EE7722A0ADF36004E09DD /* Vastly */ = {
			isa = PBXNativeTarget;
			buildConfigurationList = 023EE79C2A0ADF37004E09DD /* Build configuration list for PBXNativeTarget "Vastly" */;
			buildPhases = (
				023EE76F2A0ADF36004E09DD /* Sources */,
				023EE7702A0ADF36004E09DD /* Frameworks */,
				023EE7712A0ADF36004E09DD /* Resources */,
			);
			buildRules = (
			);
			dependencies = (
			);
			name = Vastly;
			productName = Vastly;
			productReference = 023EE7732A0ADF36004E09DD /* Vastly.app */;
			productType = "com.apple.product-type.application";
		};
		023EE7872A0ADF37004E09DD /* VastlyTests */ = {
			isa = PBXNativeTarget;
			buildConfigurationList = 023EE79F2A0ADF37004E09DD /* Build configuration list for PBXNativeTarget "VastlyTests" */;
			buildPhases = (
				023EE7842A0ADF37004E09DD /* Sources */,
				023EE7852A0ADF37004E09DD /* Frameworks */,
				023EE7862A0ADF37004E09DD /* Resources */,
			);
			buildRules = (
			);
			dependencies = (
				023EE78A2A0ADF37004E09DD /* PBXTargetDependency */,
			);
			name = VastlyTests;
			productName = VastlyTests;
			productReference = 023EE7882A0ADF37004E09DD /* VastlyTests.xctest */;
			productType = "com.apple.product-type.bundle.unit-test";
		};
		023EE7912A0ADF37004E09DD /* VastlyUITests */ = {
			isa = PBXNativeTarget;
			buildConfigurationList = 023EE7A22A0ADF37004E09DD /* Build configuration list for PBXNativeTarget "VastlyUITests" */;
			buildPhases = (
				023EE78E2A0ADF37004E09DD /* Sources */,
				023EE78F2A0ADF37004E09DD /* Frameworks */,
				023EE7902A0ADF37004E09DD /* Resources */,
			);
			buildRules = (
			);
			dependencies = (
				023EE7942A0ADF37004E09DD /* PBXTargetDependency */,
			);
			name = VastlyUITests;
			productName = VastlyUITests;
			productReference = 023EE7922A0ADF37004E09DD /* VastlyUITests.xctest */;
			productType = "com.apple.product-type.bundle.ui-testing";
		};
/* End PBXNativeTarget section */

/* Begin PBXProject section */
		023EE76B2A0ADF36004E09DD /* Project object */ = {
			isa = PBXProject;
			attributes = {
				BuildIndependentTargetsInParallel = 1;
				LastSwiftUpdateCheck = 1430;
				LastUpgradeCheck = 1430;
				TargetAttributes = {
					023EE7722A0ADF36004E09DD = {
						CreatedOnToolsVersion = 14.3;
					};
					023EE7872A0ADF37004E09DD = {
						CreatedOnToolsVersion = 14.3;
						TestTargetID = 023EE7722A0ADF36004E09DD;
					};
					023EE7912A0ADF37004E09DD = {
						CreatedOnToolsVersion = 14.3;
						TestTargetID = 023EE7722A0ADF36004E09DD;
					};
				};
			};
			buildConfigurationList = 023EE76E2A0ADF36004E09DD /* Build configuration list for PBXProject "Vastly" */;
			compatibilityVersion = "Xcode 14.0";
			developmentRegion = en;
			hasScannedForEncodings = 0;
			knownRegions = (
				en,
				Base,
			);
			mainGroup = 023EE76A2A0ADF36004E09DD;
			productRefGroup = 023EE7742A0ADF36004E09DD /* Products */;
			projectDirPath = "";
			projectRoot = "";
			targets = (
				023EE7722A0ADF36004E09DD /* Vastly */,
				023EE7872A0ADF37004E09DD /* VastlyTests */,
				023EE7912A0ADF37004E09DD /* VastlyUITests */,
			);
		};
/* End PBXProject section */

/* Begin PBXResourcesBuildPhase section */
		023EE7712A0ADF36004E09DD /* Resources */ = {
			isa = PBXResourcesBuildPhase;
			buildActionMask = 2147483647;
			files = (
				023EE77E2A0ADF37004E09DD /* Preview Assets.xcassets in Resources */,
				023EE77B2A0ADF37004E09DD /* Assets.xcassets in Resources */,
			);
			runOnlyForDeploymentPostprocessing = 0;
		};
		023EE7862A0ADF37004E09DD /* Resources */ = {
			isa = PBXResourcesBuildPhase;
			buildActionMask = 2147483647;
			files = (
			);
			runOnlyForDeploymentPostprocessing = 0;
		};
		023EE7902A0ADF37004E09DD /* Resources */ = {
			isa = PBXResourcesBuildPhase;
			buildActionMask = 2147483647;
			files = (
			);
			runOnlyForDeploymentPostprocessing = 0;
		};
/* End PBXResourcesBuildPhase section */

/* Begin PBXSourcesBuildPhase section */
		023EE76F2A0ADF36004E09DD /* Sources */ = {
			isa = PBXSourcesBuildPhase;
			buildActionMask = 2147483647;
			files = (
				023EE7802A0ADF37004E09DD /* Persistence.swift in Sources */,
				023EE7792A0ADF36004E09DD /* ContentView.swift in Sources */,
				023EE7832A0ADF37004E09DD /* Vastly.xcdatamodeld in Sources */,
				023EE7772A0ADF36004E09DD /* VastlyApp.swift in Sources */,
			);
			runOnlyForDeploymentPostprocessing = 0;
		};
		023EE7842A0ADF37004E09DD /* Sources */ = {
			isa = PBXSourcesBuildPhase;
			buildActionMask = 2147483647;
			files = (
				023EE78D2A0ADF37004E09DD /* VastlyTests.swift in Sources */,
			);
			runOnlyForDeploymentPostprocessing = 0;
		};
		023EE78E2A0ADF37004E09DD /* Sources */ = {
			isa = PBXSourcesBuildPhase;
			buildActionMask = 2147483647;
			files = (
				023EE7972A0ADF37004E09DD /* VastlyUITests.swift in Sources */,
				023EE7992A0ADF37004E09DD /* VastlyUITestsLaunchTests.swift in Sources */,
			);
			runOnlyForDeploymentPostprocessing = 0;
		};
/* End PBXSourcesBuildPhase section */

/* Begin PBXTargetDependency section */
		023EE78A2A0ADF37004E09DD /* PBXTargetDependency */ = {
			isa = PBXTargetDependency;
			target = 023EE7722A0ADF36004E09DD /* Vastly */;
			targetProxy = 023EE7892A0ADF37004E09DD /* PBXContainerItemProxy */;
		};
		023EE7942A0ADF37004E09DD /* PBXTargetDependency */ = {
			isa = PBXTargetDependency;
			target = 023EE7722A0ADF36004E09DD /* Vastly */;
			targetProxy = 023EE7932A0ADF37004E09DD /* PBXContainerItemProxy */;
		};
/* End PBXTargetDependency section */

/* Begin XCBuildConfiguration section */
		023EE79A2A0ADF37004E09DD /* Debug */ = {
			isa = XCBuildConfiguration;
			buildSettings = {
				ALWAYS_SEARCH_USER_PATHS = NO;
				CLANG_ANALYZER_NONNULL = YES;
				CLANG_ANALYZER_NUMBER_OBJECT_CONVERSION = YES_AGGRESSIVE;
				CLANG_CXX_LANGUAGE_STANDARD = "gnu++20";
				CLANG_ENABLE_MODULES = YES;
				CLANG_ENABLE_OBJC_ARC = YES;
				CLANG_ENABLE_OBJC_WEAK = YES;
				CLANG_WARN_BLOCK_CAPTURE_AUTORELEASING = YES;
				CLANG_WARN_BOOL_CONVERSION = YES;
				CLANG_WARN_COMMA = YES;
				CLANG_WARN_CONSTANT_CONVERSION = YES;
				CLANG_WARN_DEPRECATED_OBJC_IMPLEMENTATIONS = YES;
				CLANG_WARN_DIRECT_OBJC_ISA_USAGE = YES_ERROR;
				CLANG_WARN_DOCUMENTATION_COMMENTS = YES;
				CLANG_WARN_EMPTY_BODY = YES;
				CLANG_WARN_ENUM_CONVERSION = YES;
				CLANG_WARN_INFINITE_RECURSION = YES;
				CLANG_WARN_INT_CONVERSION = YES;
				CLANG_WARN_NON_LITERAL_NULL_CONVERSION = YES;
				CLANG_WARN_OBJC_IMPLICIT_RETAIN_SELF = YES;
				CLANG_WARN_OBJC_LITERAL_CONVERSION = YES;
				CLANG_WARN_OBJC_ROOT_CLASS = YES_ERROR;
				CLANG_WARN_QUOTED_INCLUDE_IN_FRAMEWORK_HEADER = YES;
				CLANG_WARN_RANGE_LOOP_ANALYSIS = YES;
				CLANG_WARN_STRICT_PROTOTYPES = YES;
				CLANG_WARN_SUSPICIOUS_MOVE = YES;
				CLANG_WARN_UNGUARDED_AVAILABILITY = YES_AGGRESSIVE;
				CLANG_WARN_UNREACHABLE_CODE = YES;
				CLANG_WARN__DUPLICATE_METHOD_MATCH = YES;
				COPY_PHASE_STRIP = NO;
				DEBUG_INFORMATION_FORMAT = dwarf;
				ENABLE_STRICT_OBJC_MSGSEND = YES;
				ENABLE_TESTABILITY = YES;
				GCC_C_LANGUAGE_STANDARD = gnu11;
				GCC_DYNAMIC_NO_PIC = NO;
				GCC_NO_COMMON_BLOCKS = YES;
				GCC_OPTIMIZATION_LEVEL = 0;
				GCC_PREPROCESSOR_DEFINITIONS = (
					"DEBUG=1",
					"$(inherited)",
				);
				GCC_WARN_64_TO_32_BIT_CONVERSION = YES;
				GCC_WARN_ABOUT_RETURN_TYPE = YES_ERROR;
				GCC_WARN_UNDECLARED_SELECTOR = YES;
				GCC_WARN_UNINITIALIZED_AUTOS = YES_AGGRESSIVE;
				GCC_WARN_UNUSED_FUNCTION = YES;
				GCC_WARN_UNUSED_VARIABLE = YES;
				IPHONEOS_DEPLOYMENT_TARGET = 16.4;
				MTL_ENABLE_DEBUG_INFO = INCLUDE_SOURCE;
				MTL_FAST_MATH = YES;
				ONLY_ACTIVE_ARCH = YES;
				SDKROOT = iphoneos;
				SWIFT_ACTIVE_COMPILATION_CONDITIONS = DEBUG;
				SWIFT_OPTIMIZATION_LEVEL = "-Onone";
			};
			name = Debug;
		};
		023EE79B2A0ADF37004E09DD /* Release */ = {
			isa = XCBuildConfiguration;
			buildSettings = {
				ALWAYS_SEARCH_USER_PATHS = NO;
				CLANG_ANALYZER_NONNULL = YES;
				CLANG_ANALYZER_NUMBER_OBJECT_CONVERSION = YES_AGGRESSIVE;
				CLANG_CXX_LANGUAGE_STANDARD = "gnu++20";
				CLANG_ENABLE_MODULES = YES;
				CLANG_ENABLE_OBJC_ARC = YES;
				CLANG_ENABLE_OBJC_WEAK = YES;
				CLANG_WARN_BLOCK_CAPTURE_AUTORELEASING = YES;
				CLANG_WARN_BOOL_CONVERSION = YES;
				CLANG_WARN_COMMA = YES;
				CLANG_WARN_CONSTANT_CONVERSION = YES;
				CLANG_WARN_DEPRECATED_OBJC_IMPLEMENTATIONS = YES;
				CLANG_WARN_DIRECT_OBJC_ISA_USAGE = YES_ERROR;
				CLANG_WARN_DOCUMENTATION_COMMENTS = YES;
				CLANG_WARN_EMPTY_BODY = YES;
				CLANG_WARN_ENUM_CONVERSION = YES;
				CLANG_WARN_INFINITE_RECURSION = YES;
				CLANG_WARN_INT_CONVERSION = YES;
				CLANG_WARN_NON_LITERAL_NULL_CONVERSION = YES;
				CLANG_WARN_OBJC_IMPLICIT_RETAIN_SELF = YES;
				CLANG_WARN_OBJC_LITERAL_CONVERSION = YES;
				CLANG_WARN_OBJC_ROOT_CLASS = YES_ERROR;
				CLANG_WARN_QUOTED_INCLUDE_IN_FRAMEWORK_HEADER = YES;
				CLANG_WARN_RANGE_LOOP_ANALYSIS = YES;
				CLANG_WARN_STRICT_PROTOTYPES = YES;
				CLANG_WARN_SUSPICIOUS_MOVE = YES;
				CLANG_WARN_UNGUARDED_AVAILABILITY = YES_AGGRESSIVE;
				CLANG_WARN_UNREACHABLE_CODE = YES;
				CLANG_WARN__DUPLICATE_METHOD_MATCH = YES;
				COPY_PHASE_STRIP = NO;
				DEBUG_INFORMATION_FORMAT = "dwarf-with-dsym";
				ENABLE_NS_ASSERTIONS = NO;
				ENABLE_STRICT_OBJC_MSGSEND = YES;
				GCC_C_LANGUAGE_STANDARD = gnu11;
				GCC_NO_COMMON_BLOCKS = YES;
				GCC_WARN_64_TO_32_BIT_CONVERSION = YES;
				GCC_WARN_ABOUT_RETURN_TYPE = YES_ERROR;
				GCC_WARN_UNDECLARED_SELECTOR = YES;
				GCC_WARN_UNINITIALIZED_AUTOS = YES_AGGRESSIVE;
				GCC_WARN_UNUSED_FUNCTION = YES;
				GCC_WARN_UNUSED_VARIABLE = YES;
				IPHONEOS_DEPLOYMENT_TARGET = 16.4;
				MTL_ENABLE_DEBUG_INFO = NO;
				MTL_FAST_MATH = YES;
				SDKROOT = iphoneos;
				SWIFT_COMPILATION_MODE = wholemodule;
				SWIFT_OPTIMIZATION_LEVEL = "-O";
				VALIDATE_PRODUCT = YES;
			};
			name = Release;
		};
		023EE79D2A0ADF37004E09DD /* Debug */ = {
			isa = XCBuildConfiguration;
			buildSettings = {
				ASSETCATALOG_COMPILER_APPICON_NAME = AppIcon;
				ASSETCATALOG_COMPILER_GLOBAL_ACCENT_COLOR_NAME = AccentColor;
				CODE_SIGN_STYLE = Automatic;
				CURRENT_PROJECT_VERSION = 1;
				DEVELOPMENT_ASSET_PATHS = "\"Vastly/Preview Content\"";
				DEVELOPMENT_TEAM = GTH2SUB6Q8;
				ENABLE_PREVIEWS = YES;
				GENERATE_INFOPLIST_FILE = YES;
				INFOPLIST_KEY_UIApplicationSceneManifest_Generation = YES;
				INFOPLIST_KEY_UIApplicationSupportsIndirectInputEvents = YES;
				INFOPLIST_KEY_UILaunchScreen_Generation = YES;
				INFOPLIST_KEY_UISupportedInterfaceOrientations_iPad = "UIInterfaceOrientationPortrait UIInterfaceOrientationPortraitUpsideDown UIInterfaceOrientationLandscapeLeft UIInterfaceOrientationLandscapeRight";
				INFOPLIST_KEY_UISupportedInterfaceOrientations_iPhone = "UIInterfaceOrientationPortrait UIInterfaceOrientationLandscapeLeft UIInterfaceOrientationLandscapeRight";
				LD_RUNPATH_SEARCH_PATHS = (
					"$(inherited)",
					"@executable_path/Frameworks",
				);
				MARKETING_VERSION = 1.0;
				PRODUCT_BUNDLE_IDENTIFIER = com.VastlyTV.Vastly;
				PRODUCT_NAME = "$(TARGET_NAME)";
				SWIFT_EMIT_LOC_STRINGS = YES;
				SWIFT_VERSION = 5.0;
				TARGETED_DEVICE_FAMILY = "1,2";
			};
			name = Debug;
		};
		023EE79E2A0ADF37004E09DD /* Release */ = {
			isa = XCBuildConfiguration;
			buildSettings = {
				ASSETCATALOG_COMPILER_APPICON_NAME = AppIcon;
				ASSETCATALOG_COMPILER_GLOBAL_ACCENT_COLOR_NAME = AccentColor;
				CODE_SIGN_STYLE = Automatic;
				CURRENT_PROJECT_VERSION = 1;
				DEVELOPMENT_ASSET_PATHS = "\"Vastly/Preview Content\"";
				DEVELOPMENT_TEAM = GTH2SUB6Q8;
				ENABLE_PREVIEWS = YES;
				GENERATE_INFOPLIST_FILE = YES;
				INFOPLIST_KEY_UIApplicationSceneManifest_Generation = YES;
				INFOPLIST_KEY_UIApplicationSupportsIndirectInputEvents = YES;
				INFOPLIST_KEY_UILaunchScreen_Generation = YES;
				INFOPLIST_KEY_UISupportedInterfaceOrientations_iPad = "UIInterfaceOrientationPortrait UIInterfaceOrientationPortraitUpsideDown UIInterfaceOrientationLandscapeLeft UIInterfaceOrientationLandscapeRight";
				INFOPLIST_KEY_UISupportedInterfaceOrientations_iPhone = "UIInterfaceOrientationPortrait UIInterfaceOrientationLandscapeLeft UIInterfaceOrientationLandscapeRight";
				LD_RUNPATH_SEARCH_PATHS = (
					"$(inherited)",
					"@executable_path/Frameworks",
				);
				MARKETING_VERSION = 1.0;
				PRODUCT_BUNDLE_IDENTIFIER = com.VastlyTV.Vastly;
				PRODUCT_NAME = "$(TARGET_NAME)";
				SWIFT_EMIT_LOC_STRINGS = YES;
				SWIFT_VERSION = 5.0;
				TARGETED_DEVICE_FAMILY = "1,2";
			};
			name = Release;
		};
		023EE7A02A0ADF37004E09DD /* Debug */ = {
			isa = XCBuildConfiguration;
			buildSettings = {
				ALWAYS_EMBED_SWIFT_STANDARD_LIBRARIES = YES;
				BUNDLE_LOADER = "$(TEST_HOST)";
				CODE_SIGN_STYLE = Automatic;
				CURRENT_PROJECT_VERSION = 1;
				DEVELOPMENT_TEAM = GTH2SUB6Q8;
				GENERATE_INFOPLIST_FILE = YES;
				IPHONEOS_DEPLOYMENT_TARGET = 16.4;
				MARKETING_VERSION = 1.0;
				PRODUCT_BUNDLE_IDENTIFIER = com.VastlyTV.VastlyTests;
				PRODUCT_NAME = "$(TARGET_NAME)";
				SWIFT_EMIT_LOC_STRINGS = NO;
				SWIFT_VERSION = 5.0;
				TARGETED_DEVICE_FAMILY = "1,2";
				TEST_HOST = "$(BUILT_PRODUCTS_DIR)/Vastly.app/$(BUNDLE_EXECUTABLE_FOLDER_PATH)/Vastly";
			};
			name = Debug;
		};
		023EE7A12A0ADF37004E09DD /* Release */ = {
			isa = XCBuildConfiguration;
			buildSettings = {
				ALWAYS_EMBED_SWIFT_STANDARD_LIBRARIES = YES;
				BUNDLE_LOADER = "$(TEST_HOST)";
				CODE_SIGN_STYLE = Automatic;
				CURRENT_PROJECT_VERSION = 1;
				DEVELOPMENT_TEAM = GTH2SUB6Q8;
				GENERATE_INFOPLIST_FILE = YES;
				IPHONEOS_DEPLOYMENT_TARGET = 16.4;
				MARKETING_VERSION = 1.0;
				PRODUCT_BUNDLE_IDENTIFIER = com.VastlyTV.VastlyTests;
				PRODUCT_NAME = "$(TARGET_NAME)";
				SWIFT_EMIT_LOC_STRINGS = NO;
				SWIFT_VERSION = 5.0;
				TARGETED_DEVICE_FAMILY = "1,2";
				TEST_HOST = "$(BUILT_PRODUCTS_DIR)/Vastly.app/$(BUNDLE_EXECUTABLE_FOLDER_PATH)/Vastly";
			};
			name = Release;
		};
		023EE7A32A0ADF37004E09DD /* Debug */ = {
			isa = XCBuildConfiguration;
			buildSettings = {
				ALWAYS_EMBED_SWIFT_STANDARD_LIBRARIES = YES;
				CODE_SIGN_STYLE = Automatic;
				CURRENT_PROJECT_VERSION = 1;
				DEVELOPMENT_TEAM = GTH2SUB6Q8;
				GENERATE_INFOPLIST_FILE = YES;
				MARKETING_VERSION = 1.0;
				PRODUCT_BUNDLE_IDENTIFIER = com.VastlyTV.VastlyUITests;
				PRODUCT_NAME = "$(TARGET_NAME)";
				SWIFT_EMIT_LOC_STRINGS = NO;
				SWIFT_VERSION = 5.0;
				TARGETED_DEVICE_FAMILY = "1,2";
				TEST_TARGET_NAME = Vastly;
			};
			name = Debug;
		};
		023EE7A42A0ADF37004E09DD /* Release */ = {
			isa = XCBuildConfiguration;
			buildSettings = {
				ALWAYS_EMBED_SWIFT_STANDARD_LIBRARIES = YES;
				CODE_SIGN_STYLE = Automatic;
				CURRENT_PROJECT_VERSION = 1;
				DEVELOPMENT_TEAM = GTH2SUB6Q8;
				GENERATE_INFOPLIST_FILE = YES;
				MARKETING_VERSION = 1.0;
				PRODUCT_BUNDLE_IDENTIFIER = com.VastlyTV.VastlyUITests;
				PRODUCT_NAME = "$(TARGET_NAME)";
				SWIFT_EMIT_LOC_STRINGS = NO;
				SWIFT_VERSION = 5.0;
				TARGETED_DEVICE_FAMILY = "1,2";
				TEST_TARGET_NAME = Vastly;
			};
			name = Release;
		};
/* End XCBuildConfiguration section */

/* Begin XCConfigurationList section */
		023EE76E2A0ADF36004E09DD /* Build configuration list for PBXProject "Vastly" */ = {
			isa = XCConfigurationList;
			buildConfigurations = (
				023EE79A2A0ADF37004E09DD /* Debug */,
				023EE79B2A0ADF37004E09DD /* Release */,
			);
			defaultConfigurationIsVisible = 0;
			defaultConfigurationName = Release;
		};
		023EE79C2A0ADF37004E09DD /* Build configuration list for PBXNativeTarget "Vastly" */ = {
			isa = XCConfigurationList;
			buildConfigurations = (
				023EE79D2A0ADF37004E09DD /* Debug */,
				023EE79E2A0ADF37004E09DD /* Release */,
			);
			defaultConfigurationIsVisible = 0;
			defaultConfigurationName = Release;
		};
		023EE79F2A0ADF37004E09DD /* Build configuration list for PBXNativeTarget "VastlyTests" */ = {
			isa = XCConfigurationList;
			buildConfigurations = (
				023EE7A02A0ADF37004E09DD /* Debug */,
				023EE7A12A0ADF37004E09DD /* Release */,
			);
			defaultConfigurationIsVisible = 0;
			defaultConfigurationName = Release;
		};
		023EE7A22A0ADF37004E09DD /* Build configuration list for PBXNativeTarget "VastlyUITests" */ = {
			isa = XCConfigurationList;
			buildConfigurations = (
				023EE7A32A0ADF37004E09DD /* Debug */,
				023EE7A42A0ADF37004E09DD /* Release */,
			);
			defaultConfigurationIsVisible = 0;
			defaultConfigurationName = Release;
		};
/* End XCConfigurationList section */

/* Begin XCVersionGroup section */
		023EE7812A0ADF37004E09DD /* Vastly.xcdatamodeld */ = {
			isa = XCVersionGroup;
			children = (
				023EE7822A0ADF37004E09DD /* Vastly.xcdatamodel */,
			);
			currentVersion = 023EE7822A0ADF37004E09DD /* Vastly.xcdatamodel */;
			path = Vastly.xcdatamodeld;
			sourceTree = "<group>";
			versionGroupType = wrapper.xcdatamodel;
		};
/* End XCVersionGroup section */
	};
	rootObject = 023EE76B2A0ADF36004E09DD /* Project object */;
}
